Microsoft Visual Studio Solution File, Format Version 11.00
# Visual Studio 2008

Project("{0DE52179-5655-D753-3D8F-64D2B02A56D0}") = "Light Ball", "Assembly-CSharp-firstpass.csproj", "{06069310-7173-D22E-D2AE-F399D8374091}"
EndProject
Project("{0DE52179-5655-D753-3D8F-64D2B02A56D0}") = "Light Ball", "Assembly-CSharp.csproj", "{860AAED3-BEF8-D7BE-CBA8-D7A8AF878517}"
EndProject
Project("{0DE52179-5655-D753-3D8F-64D2B02A56D0}") = "Light Ball", "Assembly-CSharp-Editor.csproj", "{05B74FDC-AD1B-07A6-105F-A788FA594B51}"
EndProject
Global
	GlobalSection(SolutionConfigurationPlatforms) = preSolution
		Debug|Any CPU = Debug|Any CPU
		Release|Any CPU = Release|Any CPU
	EndGlobalSection
	GlobalSection(ProjectConfigurationPlatforms) = postSolution
		{06069310-7173-D22E-D2AE-F399D8374091}.Debug|Any CPU.ActiveCfg = Debug|Any CPU
		{06069310-7173-D22E-D2AE-F399D8374091}.Debug|Any CPU.Build.0 = Debug|Any CPU
		{06069310-7173-D22E-D2AE-F399D8374091}.Release|Any CPU.ActiveCfg = Release|Any CPU
		{06069310-7173-D22E-D2AE-F399D8374091}.Release|Any CPU.Build.0 = Release|Any CPU
		{860AAED3-BEF8-D7BE-CBA8-D7A8AF878517}.Debug|Any CPU.ActiveCfg = Debug|Any CPU
		{860AAED3-BEF8-D7BE-CBA8-D7A8AF878517}.Debug|Any CPU.Build.0 = Debug|Any CPU
		{860AAED3-BEF8-D7BE-CBA8-D7A8AF878517}.Release|Any CPU.ActiveCfg = Release|Any CPU
		{860AAED3-BEF8-D7BE-CBA8-D7A8AF878517}.Release|Any CPU.Build.0 = Release|Any CPU
		{05B74FDC-AD1B-07A6-105F-A788FA594B51}.Debug|Any CPU.ActiveCfg = Debug|Any CPU
		{05B74FDC-AD1B-07A6-105F-A788FA594B51}.Debug|Any CPU.Build.0 = Debug|Any CPU
		{05B74FDC-AD1B-07A6-105F-A788FA594B51}.Release|Any CPU.ActiveCfg = Release|Any CPU
		{05B74FDC-AD1B-07A6-105F-A788FA594B51}.Release|Any CPU.Build.0 = Release|Any CPU
	EndGlobalSection
	GlobalSection(SolutionProperties) = preSolution
		HideSolutionNode = FALSE
	EndGlobalSection
																						GlobalSection(MonoDevelopProperties) = preSolution
=======
														GlobalSection(MonoDevelopProperties) = preSolution
>>>>>>> origin/Networking
		StartupItem = Assembly-CSharp.csproj
		Policies = $0
		$0.TextStylePolicy = $1
		$1.inheritsSet = null
		$1.scope = text/x-csharp
		$0.CSharpFormattingPolicy = $2
		$2.inheritsSet = Mono
		$2.inheritsScope = text/x-csharp
		$2.scope = text/x-csharp
		$0.TextStylePolicy = $3
		$3.FileWidth = 120
		$3.TabWidth = 4
		$3.IndentWidth = 4
		$3.EolMarker = Unix
		$3.inheritsSet = Mono
		$3.inheritsScope = text/plain
		$3.scope = text/plain
	EndGlobalSection

EndGlobal
